// !$*UTF8*$!
{
	archiveVersion = 1;
	classes = {
	};
	objectVersion = 55;
	objects = {

/* Begin PBXBuildFile section */
		591D2D45289B7F0E00AB9C42 /* Utilities.swift in Sources */ = {isa = PBXBuildFile; fileRef = 591D2D44289B7F0E00AB9C42 /* Utilities.swift */; };
		595D80F5289A81BD00989A97 /* SwiftyTipsyApp.swift in Sources */ = {isa = PBXBuildFile; fileRef = 595D80F4289A81BD00989A97 /* SwiftyTipsyApp.swift */; };
		595D80F7289A81BD00989A97 /* ContentView.swift in Sources */ = {isa = PBXBuildFile; fileRef = 595D80F6289A81BD00989A97 /* ContentView.swift */; };
		595D80F9289A81BD00989A97 /* Assets.xcassets in Resources */ = {isa = PBXBuildFile; fileRef = 595D80F8289A81BD00989A97 /* Assets.xcassets */; };
/* End PBXBuildFile section */

/* Begin PBXContainerItemProxy section */
		595D8102289A81BD00989A97 /* PBXContainerItemProxy */ = {
			isa = PBXContainerItemProxy;
			containerPortal = 595D80E9289A81BD00989A97 /* Project object */;
			proxyType = 1;
			remoteGlobalIDString = 595D80F0289A81BD00989A97;
			remoteInfo = SwiftyTipsy;
		};
		595D810C289A81BD00989A97 /* PBXContainerItemProxy */ = {
			isa = PBXContainerItemProxy;
			containerPortal = 595D80E9289A81BD00989A97 /* Project object */;
			proxyType = 1;
			remoteGlobalIDString = 595D80F0289A81BD00989A97;
			remoteInfo = SwiftyTipsy;
		};
/* End PBXContainerItemProxy section */

/* Begin PBXFileReference section */
		591D2D44289B7F0E00AB9C42 /* Utilities.swift */ = {isa = PBXFileReference; lastKnownFileType = sourcecode.swift; path = Utilities.swift; sourceTree = "<group>"; };
		595D80F1289A81BD00989A97 /* SwiftyTipsy.app */ = {isa = PBXFileReference; explicitFileType = wrapper.application; includeInIndex = 0; path = SwiftyTipsy.app; sourceTree = BUILT_PRODUCTS_DIR; };
		595D80F4289A81BD00989A97 /* SwiftyTipsyApp.swift */ = {isa = PBXFileReference; lastKnownFileType = sourcecode.swift; path = SwiftyTipsyApp.swift; sourceTree = "<group>"; };
		595D80F6289A81BD00989A97 /* ContentView.swift */ = {isa = PBXFileReference; lastKnownFileType = sourcecode.swift; path = ContentView.swift; sourceTree = "<group>"; };
		595D80F8289A81BD00989A97 /* Assets.xcassets */ = {isa = PBXFileReference; lastKnownFileType = folder.assetcatalog; path = Assets.xcassets; sourceTree = "<group>"; };
		595D8101289A81BD00989A97 /* SwiftyTipsyTests.xctest */ = {isa = PBXFileReference; explicitFileType = wrapper.cfbundle; includeInIndex = 0; path = SwiftyTipsyTests.xctest; sourceTree = BUILT_PRODUCTS_DIR; };
		595D810B289A81BD00989A97 /* SwiftyTipsyUITests.xctest */ = {isa = PBXFileReference; explicitFileType = wrapper.cfbundle; includeInIndex = 0; path = SwiftyTipsyUITests.xctest; sourceTree = BUILT_PRODUCTS_DIR; };
/* End PBXFileReference section */

/* Begin PBXFrameworksBuildPhase section */
		595D80EE289A81BD00989A97 /* Frameworks */ = {
			isa = PBXFrameworksBuildPhase;
			buildActionMask = 2147483647;
			files = (
			);
			runOnlyForDeploymentPostprocessing = 0;
		};
		595D80FE289A81BD00989A97 /* Frameworks */ = {
			isa = PBXFrameworksBuildPhase;
			buildActionMask = 2147483647;
			files = (
			);
			runOnlyForDeploymentPostprocessing = 0;
		};
		595D8108289A81BD00989A97 /* Frameworks */ = {
			isa = PBXFrameworksBuildPhase;
			buildActionMask = 2147483647;
			files = (
			);
			runOnlyForDeploymentPostprocessing = 0;
		};
/* End PBXFrameworksBuildPhase section */

/* Begin PBXGroup section */
		595D80E8289A81BD00989A97 = {
			isa = PBXGroup;
			children = (
				595D80F3289A81BD00989A97 /* SwiftyTipsy */,
				595D80F2289A81BD00989A97 /* Products */,
			);
			sourceTree = "<group>";
		};
		595D80F2289A81BD00989A97 /* Products */ = {
			isa = PBXGroup;
			children = (
				595D80F1289A81BD00989A97 /* SwiftyTipsy.app */,
				595D8101289A81BD00989A97 /* SwiftyTipsyTests.xctest */,
				595D810B289A81BD00989A97 /* SwiftyTipsyUITests.xctest */,
			);
			name = Products;
			sourceTree = "<group>";
		};
		595D80F3289A81BD00989A97 /* SwiftyTipsy */ = {
			isa = PBXGroup;
			children = (
				595D80F4289A81BD00989A97 /* SwiftyTipsyApp.swift */,
				591D2D44289B7F0E00AB9C42 /* Utilities.swift */,
				595D80F6289A81BD00989A97 /* ContentView.swift */,
				595D80F8289A81BD00989A97 /* Assets.xcassets */,
			);
			path = SwiftyTipsy;
			sourceTree = "<group>";
		};
/* End PBXGroup section */

/* Begin PBXNativeTarget section */
		595D80F0289A81BD00989A97 /* SwiftyTipsy */ = {
			isa = PBXNativeTarget;
			buildConfigurationList = 595D8115289A81BD00989A97 /* Build configuration list for PBXNativeTarget "SwiftyTipsy" */;
			buildPhases = (
				595D80ED289A81BD00989A97 /* Sources */,
				595D80EE289A81BD00989A97 /* Frameworks */,
				595D80EF289A81BD00989A97 /* Resources */,
			);
			buildRules = (
			);
			dependencies = (
			);
			name = SwiftyTipsy;
			productName = SwiftyTipsy;
			productReference = 595D80F1289A81BD00989A97 /* SwiftyTipsy.app */;
			productType = "com.apple.product-type.application";
		};
		595D8100289A81BD00989A97 /* SwiftyTipsyTests */ = {
			isa = PBXNativeTarget;
			buildConfigurationList = 595D8118289A81BD00989A97 /* Build configuration list for PBXNativeTarget "SwiftyTipsyTests" */;
			buildPhases = (
				595D80FD289A81BD00989A97 /* Sources */,
				595D80FE289A81BD00989A97 /* Frameworks */,
				595D80FF289A81BD00989A97 /* Resources */,
			);
			buildRules = (
			);
			dependencies = (
				595D8103289A81BD00989A97 /* PBXTargetDependency */,
			);
			name = SwiftyTipsyTests;
			productName = SwiftyTipsyTests;
			productReference = 595D8101289A81BD00989A97 /* SwiftyTipsyTests.xctest */;
			productType = "com.apple.product-type.bundle.unit-test";
		};
		595D810A289A81BD00989A97 /* SwiftyTipsyUITests */ = {
			isa = PBXNativeTarget;
			buildConfigurationList = 595D811B289A81BD00989A97 /* Build configuration list for PBXNativeTarget "SwiftyTipsyUITests" */;
			buildPhases = (
				595D8107289A81BD00989A97 /* Sources */,
				595D8108289A81BD00989A97 /* Frameworks */,
				595D8109289A81BD00989A97 /* Resources */,
			);
			buildRules = (
			);
			dependencies = (
				595D810D289A81BD00989A97 /* PBXTargetDependency */,
			);
			name = SwiftyTipsyUITests;
			productName = SwiftyTipsyUITests;
			productReference = 595D810B289A81BD00989A97 /* SwiftyTipsyUITests.xctest */;
			productType = "com.apple.product-type.bundle.ui-testing";
		};
/* End PBXNativeTarget section */

/* Begin PBXProject section */
		595D80E9289A81BD00989A97 /* Project object */ = {
			isa = PBXProject;
			attributes = {
				BuildIndependentTargetsInParallel = 1;
				LastSwiftUpdateCheck = 1340;
				LastUpgradeCheck = 1340;
				TargetAttributes = {
					595D80F0289A81BD00989A97 = {
						CreatedOnToolsVersion = 13.4.1;
					};
					595D8100289A81BD00989A97 = {
						CreatedOnToolsVersion = 13.4.1;
						TestTargetID = 595D80F0289A81BD00989A97;
					};
					595D810A289A81BD00989A97 = {
						CreatedOnToolsVersion = 13.4.1;
						TestTargetID = 595D80F0289A81BD00989A97;
					};
				};
			};
			buildConfigurationList = 595D80EC289A81BD00989A97 /* Build configuration list for PBXProject "SwiftyTipsy" */;
			compatibilityVersion = "Xcode 13.0";
			developmentRegion = en;
			hasScannedForEncodings = 0;
			knownRegions = (
				en,
				Base,
			);
			mainGroup = 595D80E8289A81BD00989A97;
			productRefGroup = 595D80F2289A81BD00989A97 /* Products */;
			projectDirPath = "";
			projectRoot = "";
			targets = (
				595D80F0289A81BD00989A97 /* SwiftyTipsy */,
				595D8100289A81BD00989A97 /* SwiftyTipsyTests */,
				595D810A289A81BD00989A97 /* SwiftyTipsyUITests */,
			);
		};
/* End PBXProject section */

/* Begin PBXResourcesBuildPhase section */
		595D80EF289A81BD00989A97 /* Resources */ = {
			isa = PBXResourcesBuildPhase;
			buildActionMask = 2147483647;
			files = (
				595D80F9289A81BD00989A97 /* Assets.xcassets in Resources */,
			);
			runOnlyForDeploymentPostprocessing = 0;
		};
		595D80FF289A81BD00989A97 /* Resources */ = {
			isa = PBXResourcesBuildPhase;
			buildActionMask = 2147483647;
			files = (
			);
			runOnlyForDeploymentPostprocessing = 0;
		};
		595D8109289A81BD00989A97 /* Resources */ = {
			isa = PBXResourcesBuildPhase;
			buildActionMask = 2147483647;
			files = (
			);
			runOnlyForDeploymentPostprocessing = 0;
		};
/* End PBXResourcesBuildPhase section */

/* Begin PBXSourcesBuildPhase section */
		595D80ED289A81BD00989A97 /* Sources */ = {
			isa = PBXSourcesBuildPhase;
			buildActionMask = 2147483647;
			files = (
				591D2D45289B7F0E00AB9C42 /* Utilities.swift in Sources */,
				595D80F7289A81BD00989A97 /* ContentView.swift in Sources */,
				595D80F5289A81BD00989A97 /* SwiftyTipsyApp.swift in Sources */,
			);
			runOnlyForDeploymentPostprocessing = 0;
		};
		595D80FD289A81BD00989A97 /* Sources */ = {
			isa = PBXSourcesBuildPhase;
			buildActionMask = 2147483647;
			files = (
			);
			runOnlyForDeploymentPostprocessing = 0;
		};
		595D8107289A81BD00989A97 /* Sources */ = {
			isa = PBXSourcesBuildPhase;
			buildActionMask = 2147483647;
			files = (
			);
			runOnlyForDeploymentPostprocessing = 0;
		};
/* End PBXSourcesBuildPhase section */

/* Begin PBXTargetDependency section */
		595D8103289A81BD00989A97 /* PBXTargetDependency */ = {
			isa = PBXTargetDependency;
			target = 595D80F0289A81BD00989A97 /* SwiftyTipsy */;
			targetProxy = 595D8102289A81BD00989A97 /* PBXContainerItemProxy */;
		};
		595D810D289A81BD00989A97 /* PBXTargetDependency */ = {
			isa = PBXTargetDependency;
			target = 595D80F0289A81BD00989A97 /* SwiftyTipsy */;
			targetProxy = 595D810C289A81BD00989A97 /* PBXContainerItemProxy */;
		};
/* End PBXTargetDependency section */

/* Begin XCBuildConfiguration section */
		595D8113289A81BD00989A97 /* Debug */ = {
			isa = XCBuildConfiguration;
			buildSettings = {
				ALWAYS_SEARCH_USER_PATHS = NO;
				CLANG_ANALYZER_NONNULL = YES;
				CLANG_ANALYZER_NUMBER_OBJECT_CONVERSION = YES_AGGRESSIVE;
				CLANG_CXX_LANGUAGE_STANDARD = "gnu++17";
				CLANG_ENABLE_MODULES = YES;
				CLANG_ENABLE_OBJC_ARC = YES;
				CLANG_ENABLE_OBJC_WEAK = YES;
				CLANG_WARN_BLOCK_CAPTURE_AUTORELEASING = YES;
				CLANG_WARN_BOOL_CONVERSION = YES;
				CLANG_WARN_COMMA = YES;
				CLANG_WARN_CONSTANT_CONVERSION = YES;
				CLANG_WARN_DEPRECATED_OBJC_IMPLEMENTATIONS = YES;
				CLANG_WARN_DIRECT_OBJC_ISA_USAGE = YES_ERROR;
				CLANG_WARN_DOCUMENTATION_COMMENTS = YES;
				CLANG_WARN_EMPTY_BODY = YES;
				CLANG_WARN_ENUM_CONVERSION = YES;
				CLANG_WARN_INFINITE_RECURSION = YES;
				CLANG_WARN_INT_CONVERSION = YES;
				CLANG_WARN_NON_LITERAL_NULL_CONVERSION = YES;
				CLANG_WARN_OBJC_IMPLICIT_RETAIN_SELF = YES;
				CLANG_WARN_OBJC_LITERAL_CONVERSION = YES;
				CLANG_WARN_OBJC_ROOT_CLASS = YES_ERROR;
				CLANG_WARN_QUOTED_INCLUDE_IN_FRAMEWORK_HEADER = YES;
				CLANG_WARN_RANGE_LOOP_ANALYSIS = YES;
				CLANG_WARN_STRICT_PROTOTYPES = YES;
				CLANG_WARN_SUSPICIOUS_MOVE = YES;
				CLANG_WARN_UNGUARDED_AVAILABILITY = YES_AGGRESSIVE;
				CLANG_WARN_UNREACHABLE_CODE = YES;
				CLANG_WARN__DUPLICATE_METHOD_MATCH = YES;
				COPY_PHASE_STRIP = NO;
				DEBUG_INFORMATION_FORMAT = dwarf;
				ENABLE_STRICT_OBJC_MSGSEND = YES;
				ENABLE_TESTABILITY = YES;
				GCC_C_LANGUAGE_STANDARD = gnu11;
				GCC_DYNAMIC_NO_PIC = NO;
				GCC_NO_COMMON_BLOCKS = YES;
				GCC_OPTIMIZATION_LEVEL = 0;
				GCC_PREPROCESSOR_DEFINITIONS = (
					"DEBUG=1",
					"$(inherited)",
				);
				GCC_WARN_64_TO_32_BIT_CONVERSION = YES;
				GCC_WARN_ABOUT_RETURN_TYPE = YES_ERROR;
				GCC_WARN_UNDECLARED_SELECTOR = YES;
				GCC_WARN_UNINITIALIZED_AUTOS = YES_AGGRESSIVE;
				GCC_WARN_UNUSED_FUNCTION = YES;
				GCC_WARN_UNUSED_VARIABLE = YES;
				IPHONEOS_DEPLOYMENT_TARGET = 15.0;
				MTL_ENABLE_DEBUG_INFO = INCLUDE_SOURCE;
				MTL_FAST_MATH = YES;
				ONLY_ACTIVE_ARCH = YES;
				SDKROOT = iphoneos;
				SWIFT_ACTIVE_COMPILATION_CONDITIONS = DEBUG;
				SWIFT_OPTIMIZATION_LEVEL = "-Onone";
			};
			name = Debug;
		};
		595D8114289A81BD00989A97 /* Release */ = {
			isa = XCBuildConfiguration;
			buildSettings = {
				ALWAYS_SEARCH_USER_PATHS = NO;
				CLANG_ANALYZER_NONNULL = YES;
				CLANG_ANALYZER_NUMBER_OBJECT_CONVERSION = YES_AGGRESSIVE;
				CLANG_CXX_LANGUAGE_STANDARD = "gnu++17";
				CLANG_ENABLE_MODULES = YES;
				CLANG_ENABLE_OBJC_ARC = YES;
				CLANG_ENABLE_OBJC_WEAK = YES;
				CLANG_WARN_BLOCK_CAPTURE_AUTORELEASING = YES;
				CLANG_WARN_BOOL_CONVERSION = YES;
				CLANG_WARN_COMMA = YES;
				CLANG_WARN_CONSTANT_CONVERSION = YES;
				CLANG_WARN_DEPRECATED_OBJC_IMPLEMENTATIONS = YES;
				CLANG_WARN_DIRECT_OBJC_ISA_USAGE = YES_ERROR;
				CLANG_WARN_DOCUMENTATION_COMMENTS = YES;
				CLANG_WARN_EMPTY_BODY = YES;
				CLANG_WARN_ENUM_CONVERSION = YES;
				CLANG_WARN_INFINITE_RECURSION = YES;
				CLANG_WARN_INT_CONVERSION = YES;
				CLANG_WARN_NON_LITERAL_NULL_CONVERSION = YES;
				CLANG_WARN_OBJC_IMPLICIT_RETAIN_SELF = YES;
				CLANG_WARN_OBJC_LITERAL_CONVERSION = YES;
				CLANG_WARN_OBJC_ROOT_CLASS = YES_ERROR;
				CLANG_WARN_QUOTED_INCLUDE_IN_FRAMEWORK_HEADER = YES;
				CLANG_WARN_RANGE_LOOP_ANALYSIS = YES;
				CLANG_WARN_STRICT_PROTOTYPES = YES;
				CLANG_WARN_SUSPICIOUS_MOVE = YES;
				CLANG_WARN_UNGUARDED_AVAILABILITY = YES_AGGRESSIVE;
				CLANG_WARN_UNREACHABLE_CODE = YES;
				CLANG_WARN__DUPLICATE_METHOD_MATCH = YES;
				COPY_PHASE_STRIP = NO;
				DEBUG_INFORMATION_FORMAT = "dwarf-with-dsym";
				ENABLE_NS_ASSERTIONS = NO;
				ENABLE_STRICT_OBJC_MSGSEND = YES;
				GCC_C_LANGUAGE_STANDARD = gnu11;
				GCC_NO_COMMON_BLOCKS = YES;
				GCC_WARN_64_TO_32_BIT_CONVERSION = YES;
				GCC_WARN_ABOUT_RETURN_TYPE = YES_ERROR;
				GCC_WARN_UNDECLARED_SELECTOR = YES;
				GCC_WARN_UNINITIALIZED_AUTOS = YES_AGGRESSIVE;
				GCC_WARN_UNUSED_FUNCTION = YES;
				GCC_WARN_UNUSED_VARIABLE = YES;
				IPHONEOS_DEPLOYMENT_TARGET = 15.0;
				MTL_ENABLE_DEBUG_INFO = NO;
				MTL_FAST_MATH = YES;
				SDKROOT = iphoneos;
				SWIFT_COMPILATION_MODE = wholemodule;
				SWIFT_OPTIMIZATION_LEVEL = "-O";
				VALIDATE_PRODUCT = YES;
			};
			name = Release;
		};
		595D8116289A81BD00989A97 /* Debug */ = {
			isa = XCBuildConfiguration;
			buildSettings = {
				ASSETCATALOG_COMPILER_APPICON_NAME = AppIcon;
				ASSETCATALOG_COMPILER_GLOBAL_ACCENT_COLOR_NAME = AccentColor;
				CODE_SIGN_STYLE = Automatic;
				CURRENT_PROJECT_VERSION = 1;
				DEVELOPMENT_ASSET_PATHS = "";
				DEVELOPMENT_TEAM = LJ8AFZ3ADS;
				ENABLE_PREVIEWS = YES;
				GENERATE_INFOPLIST_FILE = YES;
				INFOPLIST_KEY_UIApplicationSceneManifest_Generation = YES;
				INFOPLIST_KEY_UIApplicationSupportsIndirectInputEvents = YES;
				INFOPLIST_KEY_UILaunchScreen_Generation = YES;
				INFOPLIST_KEY_UISupportedInterfaceOrientations_iPad = "UIInterfaceOrientationPortrait UIInterfaceOrientationPortraitUpsideDown UIInterfaceOrientationLandscapeLeft UIInterfaceOrientationLandscapeRight";
				INFOPLIST_KEY_UISupportedInterfaceOrientations_iPhone = "UIInterfaceOrientationPortrait UIInterfaceOrientationLandscapeLeft UIInterfaceOrientationLandscapeRight";
				LD_RUNPATH_SEARCH_PATHS = (
					"$(inherited)",
					"@executable_path/Frameworks",
				);
				MARKETING_VERSION = 1.0;
				PRODUCT_BUNDLE_IDENTIFIER = com.webrich.SwiftyTipsy;
				PRODUCT_NAME = "$(TARGET_NAME)";
				SWIFT_EMIT_LOC_STRINGS = YES;
				SWIFT_VERSION = 5.0;
				TARGETED_DEVICE_FAMILY = "1,2";
			};
			name = Debug;
		};
		595D8117289A81BD00989A97 /* Release */ = {
			isa = XCBuildConfiguration;
			buildSettings = {
				ASSETCATALOG_COMPILER_APPICON_NAME = AppIcon;
				ASSETCATALOG_COMPILER_GLOBAL_ACCENT_COLOR_NAME = AccentColor;
				CODE_SIGN_STYLE = Automatic;
				CURRENT_PROJECT_VERSION = 1;
				DEVELOPMENT_ASSET_PATHS = "";
				DEVELOPMENT_TEAM = LJ8AFZ3ADS;
				ENABLE_PREVIEWS = YES;
				GENERATE_INFOPLIST_FILE = YES;
				INFOPLIST_KEY_UIApplicationSceneManifest_Generation = YES;
				INFOPLIST_KEY_UIApplicationSupportsIndirectInputEvents = YES;
				INFOPLIST_KEY_UILaunchScreen_Generation = YES;
				INFOPLIST_KEY_UISupportedInterfaceOrientations_iPad = "UIInterfaceOrientationPortrait UIInterfaceOrientationPortraitUpsideDown UIInterfaceOrientationLandscapeLeft UIInterfaceOrientationLandscapeRight";
				INFOPLIST_KEY_UISupportedInterfaceOrientations_iPhone = "UIInterfaceOrientationPortrait UIInterfaceOrientationLandscapeLeft UIInterfaceOrientationLandscapeRight";
				LD_RUNPATH_SEARCH_PATHS = (
					"$(inherited)",
					"@executable_path/Frameworks",
				);
				MARKETING_VERSION = 1.0;
				PRODUCT_BUNDLE_IDENTIFIER = com.webrich.SwiftyTipsy;
				PRODUCT_NAME = "$(TARGET_NAME)";
				SWIFT_EMIT_LOC_STRINGS = YES;
				SWIFT_VERSION = 5.0;
				TARGETED_DEVICE_FAMILY = "1,2";
			};
			name = Release;
		};
		595D8119289A81BD00989A97 /* Debug */ = {
			isa = XCBuildConfiguration;
			buildSettings = {
				ALWAYS_EMBED_SWIFT_STANDARD_LIBRARIES = YES;
				BUNDLE_LOADER = "$(TEST_HOST)";
				CODE_SIGN_STYLE = Automatic;
				CURRENT_PROJECT_VERSION = 1;
				DEVELOPMENT_TEAM = LJ8AFZ3ADS;
				GENERATE_INFOPLIST_FILE = YES;
				IPHONEOS_DEPLOYMENT_TARGET = 15.5;
				MARKETING_VERSION = 1.0;
				PRODUCT_BUNDLE_IDENTIFIER = com.webrich.SwiftyTipsyTests;
				PRODUCT_NAME = "$(TARGET_NAME)";
				SWIFT_EMIT_LOC_STRINGS = NO;
				SWIFT_VERSION = 5.0;
				TARGETED_DEVICE_FAMILY = "1,2";
				TEST_HOST = "$(BUILT_PRODUCTS_DIR)/SwiftyTipsy.app/SwiftyTipsy";
			};
			name = Debug;
		};
		595D811A289A81BD00989A97 /* Release */ = {
			isa = XCBuildConfiguration;
			buildSettings = {
				ALWAYS_EMBED_SWIFT_STANDARD_LIBRARIES = YES;
				BUNDLE_LOADER = "$(TEST_HOST)";
				CODE_SIGN_STYLE = Automatic;
				CURRENT_PROJECT_VERSION = 1;
				DEVELOPMENT_TEAM = LJ8AFZ3ADS;
				GENERATE_INFOPLIST_FILE = YES;
				IPHONEOS_DEPLOYMENT_TARGET = 15.5;
				MARKETING_VERSION = 1.0;
				PRODUCT_BUNDLE_IDENTIFIER = com.webrich.SwiftyTipsyTests;
				PRODUCT_NAME = "$(TARGET_NAME)";
				SWIFT_EMIT_LOC_STRINGS = NO;
				SWIFT_VERSION = 5.0;
				TARGETED_DEVICE_FAMILY = "1,2";
				TEST_HOST = "$(BUILT_PRODUCTS_DIR)/SwiftyTipsy.app/SwiftyTipsy";
			};
			name = Release;
		};
		595D811C289A81BD00989A97 /* Debug */ = {
			isa = XCBuildConfiguration;
			buildSettings = {
				ALWAYS_EMBED_SWIFT_STANDARD_LIBRARIES = YES;
				CODE_SIGN_STYLE = Automatic;
				CURRENT_PROJECT_VERSION = 1;
				DEVELOPMENT_TEAM = LJ8AFZ3ADS;
				GENERATE_INFOPLIST_FILE = YES;
				MARKETING_VERSION = 1.0;
				PRODUCT_BUNDLE_IDENTIFIER = com.webrich.SwiftyTipsyUITests;
				PRODUCT_NAME = "$(TARGET_NAME)";
				SWIFT_EMIT_LOC_STRINGS = NO;
				SWIFT_VERSION = 5.0;
				TARGETED_DEVICE_FAMILY = "1,2";
				TEST_TARGET_NAME = SwiftyTipsy;
			};
			name = Debug;
		};
		595D811D289A81BD00989A97 /* Release */ = {
			isa = XCBuildConfiguration;
			buildSettings = {
				ALWAYS_EMBED_SWIFT_STANDARD_LIBRARIES = YES;
				CODE_SIGN_STYLE = Automatic;
				CURRENT_PROJECT_VERSION = 1;
				DEVELOPMENT_TEAM = LJ8AFZ3ADS;
				GENERATE_INFOPLIST_FILE = YES;
				MARKETING_VERSION = 1.0;
				PRODUCT_BUNDLE_IDENTIFIER = com.webrich.SwiftyTipsyUITests;
				PRODUCT_NAME = "$(TARGET_NAME)";
				SWIFT_EMIT_LOC_STRINGS = NO;
				SWIFT_VERSION = 5.0;
				TARGETED_DEVICE_FAMILY = "1,2";
				TEST_TARGET_NAME = SwiftyTipsy;
			};
			name = Release;
		};
/* End XCBuildConfiguration section */

/* Begin XCConfigurationList section */
		595D80EC289A81BD00989A97 /* Build configuration list for PBXProject "SwiftyTipsy" */ = {
			isa = XCConfigurationList;
			buildConfigurations = (
				595D8113289A81BD00989A97 /* Debug */,
				595D8114289A81BD00989A97 /* Release */,
			);
			defaultConfigurationIsVisible = 0;
			defaultConfigurationName = Release;
		};
		595D8115289A81BD00989A97 /* Build configuration list for PBXNativeTarget "SwiftyTipsy" */ = {
			isa = XCConfigurationList;
			buildConfigurations = (
				595D8116289A81BD00989A97 /* Debug */,
				595D8117289A81BD00989A97 /* Release */,
			);
			defaultConfigurationIsVisible = 0;
			defaultConfigurationName = Release;
		};
		595D8118289A81BD00989A97 /* Build configuration list for PBXNativeTarget "SwiftyTipsyTests" */ = {
			isa = XCConfigurationList;
			buildConfigurations = (
				595D8119289A81BD00989A97 /* Debug */,
				595D811A289A81BD00989A97 /* Release */,
			);
			defaultConfigurationIsVisible = 0;
			defaultConfigurationName = Release;
		};
		595D811B289A81BD00989A97 /* Build configuration list for PBXNativeTarget "SwiftyTipsyUITests" */ = {
			isa = XCConfigurationList;
			buildConfigurations = (
				595D811C289A81BD00989A97 /* Debug */,
				595D811D289A81BD00989A97 /* Release */,
			);
			defaultConfigurationIsVisible = 0;
			defaultConfigurationName = Release;
		};
/* End XCConfigurationList section */
	};
	rootObject = 595D80E9289A81BD00989A97 /* Project object */;
}
